
Microsoft Visual Studio Solution File, Format Version 12.00
# Visual Studio Version 17
VisualStudioVersion = 17.5.33516.290
MinimumVisualStudioVersion = 10.0.40219.1
Project("{FAE04EC0-301F-11D3-BF4B-00C04F79EFBC}") = "Demo1", "Demo1\Demo1.csproj", "{C02C6C2D-B7F8-4F57-B65E-E964A2FECEDF}"
EndProject
Global
	GlobalSection(SolutionConfigurationPlatforms) = preSolution
		Debug|Any CPU = Debug|Any CPU
		Release|Any CPU = Release|Any CPU
	EndGlobalSection
	GlobalSection(ProjectConfigurationPlatforms) = postSolution
		{C02C6C2D-B7F8-4F57-B65E-E964A2FECEDF}.Debug|Any CPU.ActiveCfg = Debug|Any CPU
		{C02C6C2D-B7F8-4F57-B65E-E964A2FECEDF}.Debug|Any CPU.Build.0 = Debug|Any CPU
		{C02C6C2D-B7F8-4F57-B65E-E964A2FECEDF}.Release|Any CPU.ActiveCfg = Release|Any CPU
		{C02C6C2D-B7F8-4F57-B65E-E964A2FECEDF}.Release|Any CPU.Build.0 = Release|Any CPU
	EndGlobalSection
	GlobalSection(SolutionProperties) = preSolution
		HideSolutionNode = FALSE
	EndGlobalSection
	GlobalSection(ExtensibilityGlobals) = postSolution
		SolutionGuid = {12B26D3F-FD49-4F19-A368-F8844C029143}
	EndGlobalSection
EndGlobal
